{
  "requires": true,
  "lockfileVersion": 1,
  "dependencies": {
    "deep-extend": {
      "version": "0.3.3",
      "resolved": "https://registry.npmjs.org/deep-extend/-/deep-extend-0.3.3.tgz",
      "integrity": "sha1-Lorf5p7VgOoBnOLvqfpfUQbqOcc="
    },
    "fs": {
      "version": "0.0.1-security",
      "resolved": "https://registry.npmjs.org/fs/-/fs-0.0.1-security.tgz",
      "integrity": "sha1-invTcYa23d84E/I4WLV+yq9eQdQ="
    },
    "fs-as-json": {
      "version": "1.0.1",
      "resolved": "https://registry.npmjs.org/fs-as-json/-/fs-as-json-1.0.1.tgz",
      "integrity": "sha1-BU5xOO10KIMT1ffzLYC15J/oEpM=",
      "requires": {
        "q": "^1.4.1"
      }
    },
    "fs-json": {
      "version": "0.1.2",
      "resolved": "https://registry.npmjs.org/fs-json/-/fs-json-0.1.2.tgz",
      "integrity": "sha1-zIGBH88d+49TPFmrTrtRvD+Pa1Q=",
      "requires": {
        "deep-extend": "^0.3.2"
      }
    },
    "q": {
      "version": "1.5.1",
      "resolved": "https://registry.npmjs.org/q/-/q-1.5.1.tgz",
      "integrity": "sha1-fjL3W0E4EpHQRhHxvxQQmsAGUdc="
    }
  }
}
